// !$*UTF8*$!
{
	archiveVersion = 1;
	classes = {
	};
	objectVersion = 56;
	objects = {

/* Begin PBXBuildFile section */
		57354FD42A59B2D2001804D4 /* AppDelegate.swift in Sources */ = {isa = PBXBuildFile; fileRef = 57354FD32A59B2D2001804D4 /* AppDelegate.swift */; };
		57354FD62A59B2D2001804D4 /* SceneDelegate.swift in Sources */ = {isa = PBXBuildFile; fileRef = 57354FD52A59B2D2001804D4 /* SceneDelegate.swift */; };
		57354FDD2A59B2D3001804D4 /* Assets.xcassets in Resources */ = {isa = PBXBuildFile; fileRef = 57354FDC2A59B2D3001804D4 /* Assets.xcassets */; };
		57354FE02A59B2D3001804D4 /* LaunchScreen.storyboard in Resources */ = {isa = PBXBuildFile; fileRef = 57354FDE2A59B2D3001804D4 /* LaunchScreen.storyboard */; };
		57354FE82A5B4EE6001804D4 /* TabBarController.swift in Sources */ = {isa = PBXBuildFile; fileRef = 57354FE72A5B4EE6001804D4 /* TabBarController.swift */; };
		57705F712A64715F0081EFE0 /* MainCoordinator.swift in Sources */ = {isa = PBXBuildFile; fileRef = 57705F702A64715F0081EFE0 /* MainCoordinator.swift */; };
		57705F732A6471DA0081EFE0 /* Coordinator.swift in Sources */ = {isa = PBXBuildFile; fileRef = 57705F722A6471DA0081EFE0 /* Coordinator.swift */; };
		57705F752A64727A0081EFE0 /* MainBaseCoordinator.swift in Sources */ = {isa = PBXBuildFile; fileRef = 57705F742A64727A0081EFE0 /* MainBaseCoordinator.swift */; };
		57705F7A2A64737E0081EFE0 /* HomeBaseCoordinator.swift in Sources */ = {isa = PBXBuildFile; fileRef = 57705F792A64737E0081EFE0 /* HomeBaseCoordinator.swift */; };
		57705F7C2A6473A20081EFE0 /* HomeCoordinator.swift in Sources */ = {isa = PBXBuildFile; fileRef = 57705F7B2A6473A20081EFE0 /* HomeCoordinator.swift */; };
		57705F7E2A6473EB0081EFE0 /* HomeViewController.swift in Sources */ = {isa = PBXBuildFile; fileRef = 57705F7D2A6473EB0081EFE0 /* HomeViewController.swift */; };
		57705F812A64745D0081EFE0 /* AboutBaseCoordinator.swift in Sources */ = {isa = PBXBuildFile; fileRef = 57705F802A64745D0081EFE0 /* AboutBaseCoordinator.swift */; };
		57705F832A6474920081EFE0 /* AboutViewController.swift in Sources */ = {isa = PBXBuildFile; fileRef = 57705F822A6474920081EFE0 /* AboutViewController.swift */; };
		57705F852A6474A50081EFE0 /* AboutCoordinator.swift in Sources */ = {isa = PBXBuildFile; fileRef = 57705F842A6474A50081EFE0 /* AboutCoordinator.swift */; };
		57705F8B2A647FD80081EFE0 /* PlayerTableViewCell.swift in Sources */ = {isa = PBXBuildFile; fileRef = 57705F892A647FD80081EFE0 /* PlayerTableViewCell.swift */; };
		57705F8C2A647FD80081EFE0 /* PlayerTableViewCell.xib in Resources */ = {isa = PBXBuildFile; fileRef = 57705F8A2A647FD80081EFE0 /* PlayerTableViewCell.xib */; };
		57705F902A64806D0081EFE0 /* Player.swift in Sources */ = {isa = PBXBuildFile; fileRef = 57705F8F2A64806D0081EFE0 /* Player.swift */; };
		57705F932A64844D0081EFE0 /* Requests.swift in Sources */ = {isa = PBXBuildFile; fileRef = 57705F922A64844D0081EFE0 /* Requests.swift */; };
		57705F962A6484B20081EFE0 /* Constants.swift in Sources */ = {isa = PBXBuildFile; fileRef = 57705F952A6484B20081EFE0 /* Constants.swift */; };
		57705F982A64870F0081EFE0 /* PlayersResponseModel.swift in Sources */ = {isa = PBXBuildFile; fileRef = 57705F972A64870F0081EFE0 /* PlayersResponseModel.swift */; };
		57705F9A2A65CF8C0081EFE0 /* LoadingTableViewCell.swift in Sources */ = {isa = PBXBuildFile; fileRef = 57705F992A65CF8C0081EFE0 /* LoadingTableViewCell.swift */; };
		57705F9C2A65D8DA0081EFE0 /* PlayerDetailsViewController.swift in Sources */ = {isa = PBXBuildFile; fileRef = 57705F9B2A65D8DA0081EFE0 /* PlayerDetailsViewController.swift */; };
		57705FA32A65EBDF0081EFE0 /* PlayerDetails.storyboard in Resources */ = {isa = PBXBuildFile; fileRef = 57705FA22A65EBDF0081EFE0 /* PlayerDetails.storyboard */; };
/* End PBXBuildFile section */

/* Begin PBXFileReference section */
		57354FD02A59B2D2001804D4 /* NBAtask.app */ = {isa = PBXFileReference; explicitFileType = wrapper.application; includeInIndex = 0; path = NBAtask.app; sourceTree = BUILT_PRODUCTS_DIR; };
		57354FD32A59B2D2001804D4 /* AppDelegate.swift */ = {isa = PBXFileReference; lastKnownFileType = sourcecode.swift; path = AppDelegate.swift; sourceTree = "<group>"; };
		57354FD52A59B2D2001804D4 /* SceneDelegate.swift */ = {isa = PBXFileReference; lastKnownFileType = sourcecode.swift; path = SceneDelegate.swift; sourceTree = "<group>"; };
		57354FDC2A59B2D3001804D4 /* Assets.xcassets */ = {isa = PBXFileReference; lastKnownFileType = folder.assetcatalog; path = Assets.xcassets; sourceTree = "<group>"; };
		57354FDF2A59B2D3001804D4 /* Base */ = {isa = PBXFileReference; lastKnownFileType = file.storyboard; name = Base; path = Base.lproj/LaunchScreen.storyboard; sourceTree = "<group>"; };
		57354FE12A59B2D3001804D4 /* Info.plist */ = {isa = PBXFileReference; lastKnownFileType = text.plist.xml; path = Info.plist; sourceTree = "<group>"; };
		57354FE72A5B4EE6001804D4 /* TabBarController.swift */ = {isa = PBXFileReference; lastKnownFileType = sourcecode.swift; path = TabBarController.swift; sourceTree = "<group>"; };
		57705F702A64715F0081EFE0 /* MainCoordinator.swift */ = {isa = PBXFileReference; lastKnownFileType = sourcecode.swift; path = MainCoordinator.swift; sourceTree = "<group>"; };
		57705F722A6471DA0081EFE0 /* Coordinator.swift */ = {isa = PBXFileReference; lastKnownFileType = sourcecode.swift; path = Coordinator.swift; sourceTree = "<group>"; };
		57705F742A64727A0081EFE0 /* MainBaseCoordinator.swift */ = {isa = PBXFileReference; lastKnownFileType = sourcecode.swift; path = MainBaseCoordinator.swift; sourceTree = "<group>"; };
		57705F792A64737E0081EFE0 /* HomeBaseCoordinator.swift */ = {isa = PBXFileReference; lastKnownFileType = sourcecode.swift; path = HomeBaseCoordinator.swift; sourceTree = "<group>"; };
		57705F7B2A6473A20081EFE0 /* HomeCoordinator.swift */ = {isa = PBXFileReference; lastKnownFileType = sourcecode.swift; path = HomeCoordinator.swift; sourceTree = "<group>"; };
		57705F7D2A6473EB0081EFE0 /* HomeViewController.swift */ = {isa = PBXFileReference; lastKnownFileType = sourcecode.swift; path = HomeViewController.swift; sourceTree = "<group>"; };
		57705F802A64745D0081EFE0 /* AboutBaseCoordinator.swift */ = {isa = PBXFileReference; lastKnownFileType = sourcecode.swift; path = AboutBaseCoordinator.swift; sourceTree = "<group>"; };
		57705F822A6474920081EFE0 /* AboutViewController.swift */ = {isa = PBXFileReference; lastKnownFileType = sourcecode.swift; path = AboutViewController.swift; sourceTree = "<group>"; };
		57705F842A6474A50081EFE0 /* AboutCoordinator.swift */ = {isa = PBXFileReference; lastKnownFileType = sourcecode.swift; path = AboutCoordinator.swift; sourceTree = "<group>"; };
		57705F892A647FD80081EFE0 /* PlayerTableViewCell.swift */ = {isa = PBXFileReference; lastKnownFileType = sourcecode.swift; path = PlayerTableViewCell.swift; sourceTree = "<group>"; };
		57705F8A2A647FD80081EFE0 /* PlayerTableViewCell.xib */ = {isa = PBXFileReference; lastKnownFileType = file.xib; path = PlayerTableViewCell.xib; sourceTree = "<group>"; };
		57705F8F2A64806D0081EFE0 /* Player.swift */ = {isa = PBXFileReference; lastKnownFileType = sourcecode.swift; path = Player.swift; sourceTree = "<group>"; };
		57705F922A64844D0081EFE0 /* Requests.swift */ = {isa = PBXFileReference; lastKnownFileType = sourcecode.swift; path = Requests.swift; sourceTree = "<group>"; };
		57705F952A6484B20081EFE0 /* Constants.swift */ = {isa = PBXFileReference; lastKnownFileType = sourcecode.swift; path = Constants.swift; sourceTree = "<group>"; };
		57705F972A64870F0081EFE0 /* PlayersResponseModel.swift */ = {isa = PBXFileReference; lastKnownFileType = sourcecode.swift; path = PlayersResponseModel.swift; sourceTree = "<group>"; };
		57705F992A65CF8C0081EFE0 /* LoadingTableViewCell.swift */ = {isa = PBXFileReference; lastKnownFileType = sourcecode.swift; path = LoadingTableViewCell.swift; sourceTree = "<group>"; };
		57705F9B2A65D8DA0081EFE0 /* PlayerDetailsViewController.swift */ = {isa = PBXFileReference; lastKnownFileType = sourcecode.swift; path = PlayerDetailsViewController.swift; sourceTree = "<group>"; };
		57705FA22A65EBDF0081EFE0 /* PlayerDetails.storyboard */ = {isa = PBXFileReference; lastKnownFileType = file.storyboard; path = PlayerDetails.storyboard; sourceTree = "<group>"; };
/* End PBXFileReference section */

/* Begin PBXFrameworksBuildPhase section */
		57354FCD2A59B2D2001804D4 /* Frameworks */ = {
			isa = PBXFrameworksBuildPhase;
			buildActionMask = 2147483647;
			files = (
			);
			runOnlyForDeploymentPostprocessing = 0;
		};
/* End PBXFrameworksBuildPhase section */

/* Begin PBXGroup section */
		57354FC72A59B2D2001804D4 = {
			isa = PBXGroup;
			children = (
				57354FD22A59B2D2001804D4 /* NBAtask */,
				57354FD12A59B2D2001804D4 /* Products */,
			);
			sourceTree = "<group>";
		};
		57354FD12A59B2D2001804D4 /* Products */ = {
			isa = PBXGroup;
			children = (
				57354FD02A59B2D2001804D4 /* NBAtask.app */,
			);
			name = Products;
			sourceTree = "<group>";
		};
		57354FD22A59B2D2001804D4 /* NBAtask */ = {
			isa = PBXGroup;
			children = (
				57705F912A64843C0081EFE0 /* Requests */,
				57705F8D2A6480370081EFE0 /* Models */,
				57705F872A647F740081EFE0 /* Views */,
				57705F7F2A6474410081EFE0 /* About */,
				57705F762A6472F30081EFE0 /* Home */,
				57705F6F2A6471430081EFE0 /* Coordinators */,
				57354FD32A59B2D2001804D4 /* AppDelegate.swift */,
				57354FD52A59B2D2001804D4 /* SceneDelegate.swift */,
				57354FDC2A59B2D3001804D4 /* Assets.xcassets */,
				57354FDE2A59B2D3001804D4 /* LaunchScreen.storyboard */,
				57354FE12A59B2D3001804D4 /* Info.plist */,
				57354FE72A5B4EE6001804D4 /* TabBarController.swift */,
			);
			path = NBAtask;
			sourceTree = "<group>";
		};
		57705F6F2A6471430081EFE0 /* Coordinators */ = {
			isa = PBXGroup;
			children = (
				57705F702A64715F0081EFE0 /* MainCoordinator.swift */,
				57705F722A6471DA0081EFE0 /* Coordinator.swift */,
				57705F742A64727A0081EFE0 /* MainBaseCoordinator.swift */,
			);
			path = Coordinators;
			sourceTree = "<group>";
		};
		57705F762A6472F30081EFE0 /* Home */ = {
			isa = PBXGroup;
			children = (
				57705F792A64737E0081EFE0 /* HomeBaseCoordinator.swift */,
				57705F7B2A6473A20081EFE0 /* HomeCoordinator.swift */,
				57705F7D2A6473EB0081EFE0 /* HomeViewController.swift */,
				57705F9B2A65D8DA0081EFE0 /* PlayerDetailsViewController.swift */,
			);
			path = Home;
			sourceTree = "<group>";
		};
		57705F7F2A6474410081EFE0 /* About */ = {
			isa = PBXGroup;
			children = (
				57705F802A64745D0081EFE0 /* AboutBaseCoordinator.swift */,
				57705F842A6474A50081EFE0 /* AboutCoordinator.swift */,
				57705F822A6474920081EFE0 /* AboutViewController.swift */,
			);
			path = About;
			sourceTree = "<group>";
		};
		57705F872A647F740081EFE0 /* Views */ = {
			isa = PBXGroup;
			children = (
				57705F9D2A65DE670081EFE0 /* Views */,
				57705F882A647F7D0081EFE0 /* CellViews */,
			);
			path = Views;
			sourceTree = "<group>";
		};
		57705F882A647F7D0081EFE0 /* CellViews */ = {
			isa = PBXGroup;
			children = (
				57705F892A647FD80081EFE0 /* PlayerTableViewCell.swift */,
				57705F8A2A647FD80081EFE0 /* PlayerTableViewCell.xib */,
				57705F992A65CF8C0081EFE0 /* LoadingTableViewCell.swift */,
			);
			path = CellViews;
			sourceTree = "<group>";
		};
		57705F8D2A6480370081EFE0 /* Models */ = {
			isa = PBXGroup;
			children = (
				57705F942A6484A20081EFE0 /* Constants */,
				57705F8E2A6480520081EFE0 /* ResponseModels */,
			);
			path = Models;
			sourceTree = "<group>";
		};
		57705F8E2A6480520081EFE0 /* ResponseModels */ = {
			isa = PBXGroup;
			children = (
				57705F8F2A64806D0081EFE0 /* Player.swift */,
				57705F972A64870F0081EFE0 /* PlayersResponseModel.swift */,
			);
			path = ResponseModels;
			sourceTree = "<group>";
		};
		57705F912A64843C0081EFE0 /* Requests */ = {
			isa = PBXGroup;
			children = (
				57705F922A64844D0081EFE0 /* Requests.swift */,
			);
			path = Requests;
			sourceTree = "<group>";
		};
		57705F942A6484A20081EFE0 /* Constants */ = {
			isa = PBXGroup;
			children = (
				57705F952A6484B20081EFE0 /* Constants.swift */,
			);
			path = Constants;
			sourceTree = "<group>";
		};
		57705F9D2A65DE670081EFE0 /* Views */ = {
			isa = PBXGroup;
			children = (
				57705FA22A65EBDF0081EFE0 /* PlayerDetails.storyboard */,
			);
			path = Views;
			sourceTree = "<group>";
		};
/* End PBXGroup section */

/* Begin PBXNativeTarget section */
		57354FCF2A59B2D2001804D4 /* NBAtask */ = {
			isa = PBXNativeTarget;
			buildConfigurationList = 57354FE42A59B2D3001804D4 /* Build configuration list for PBXNativeTarget "NBAtask" */;
			buildPhases = (
				57354FCC2A59B2D2001804D4 /* Sources */,
				57354FCD2A59B2D2001804D4 /* Frameworks */,
				57354FCE2A59B2D2001804D4 /* Resources */,
			);
			buildRules = (
			);
			dependencies = (
			);
			name = NBAtask;
			productName = NBAtask;
			productReference = 57354FD02A59B2D2001804D4 /* NBAtask.app */;
			productType = "com.apple.product-type.application";
		};
/* End PBXNativeTarget section */

/* Begin PBXProject section */
		57354FC82A59B2D2001804D4 /* Project object */ = {
			isa = PBXProject;
			attributes = {
				BuildIndependentTargetsInParallel = 1;
				LastSwiftUpdateCheck = 1410;
				LastUpgradeCheck = 1410;
				TargetAttributes = {
					57354FCF2A59B2D2001804D4 = {
						CreatedOnToolsVersion = 14.1;
					};
				};
			};
			buildConfigurationList = 57354FCB2A59B2D2001804D4 /* Build configuration list for PBXProject "NBAtask" */;
			compatibilityVersion = "Xcode 14.0";
			developmentRegion = en;
			hasScannedForEncodings = 0;
			knownRegions = (
				en,
				Base,
			);
			mainGroup = 57354FC72A59B2D2001804D4;
			productRefGroup = 57354FD12A59B2D2001804D4 /* Products */;
			projectDirPath = "";
			projectRoot = "";
			targets = (
				57354FCF2A59B2D2001804D4 /* NBAtask */,
			);
		};
/* End PBXProject section */

/* Begin PBXResourcesBuildPhase section */
		57354FCE2A59B2D2001804D4 /* Resources */ = {
			isa = PBXResourcesBuildPhase;
			buildActionMask = 2147483647;
			files = (
				57354FE02A59B2D3001804D4 /* LaunchScreen.storyboard in Resources */,
				57354FDD2A59B2D3001804D4 /* Assets.xcassets in Resources */,
				57705FA32A65EBDF0081EFE0 /* PlayerDetails.storyboard in Resources */,
				57705F8C2A647FD80081EFE0 /* PlayerTableViewCell.xib in Resources */,
			);
			runOnlyForDeploymentPostprocessing = 0;
		};
/* End PBXResourcesBuildPhase section */

/* Begin PBXSourcesBuildPhase section */
		57354FCC2A59B2D2001804D4 /* Sources */ = {
			isa = PBXSourcesBuildPhase;
			buildActionMask = 2147483647;
			files = (
				57705F752A64727A0081EFE0 /* MainBaseCoordinator.swift in Sources */,
				57705F7C2A6473A20081EFE0 /* HomeCoordinator.swift in Sources */,
				57705F9A2A65CF8C0081EFE0 /* LoadingTableViewCell.swift in Sources */,
				57705F812A64745D0081EFE0 /* AboutBaseCoordinator.swift in Sources */,
				57705F932A64844D0081EFE0 /* Requests.swift in Sources */,
				57354FE82A5B4EE6001804D4 /* TabBarController.swift in Sources */,
				57705F902A64806D0081EFE0 /* Player.swift in Sources */,
				57705F732A6471DA0081EFE0 /* Coordinator.swift in Sources */,
				57705F962A6484B20081EFE0 /* Constants.swift in Sources */,
				57705F832A6474920081EFE0 /* AboutViewController.swift in Sources */,
				57705F8B2A647FD80081EFE0 /* PlayerTableViewCell.swift in Sources */,
				57705F9C2A65D8DA0081EFE0 /* PlayerDetailsViewController.swift in Sources */,
				57705F7E2A6473EB0081EFE0 /* HomeViewController.swift in Sources */,
				57705F852A6474A50081EFE0 /* AboutCoordinator.swift in Sources */,
				57705F7A2A64737E0081EFE0 /* HomeBaseCoordinator.swift in Sources */,
				57705F982A64870F0081EFE0 /* PlayersResponseModel.swift in Sources */,
				57354FD42A59B2D2001804D4 /* AppDelegate.swift in Sources */,
				57705F712A64715F0081EFE0 /* MainCoordinator.swift in Sources */,
				57354FD62A59B2D2001804D4 /* SceneDelegate.swift in Sources */,
			);
			runOnlyForDeploymentPostprocessing = 0;
		};
/* End PBXSourcesBuildPhase section */

/* Begin PBXVariantGroup section */
		57354FDE2A59B2D3001804D4 /* LaunchScreen.storyboard */ = {
			isa = PBXVariantGroup;
			children = (
				57354FDF2A59B2D3001804D4 /* Base */,
			);
			name = LaunchScreen.storyboard;
			sourceTree = "<group>";
		};
/* End PBXVariantGroup section */

/* Begin XCBuildConfiguration section */
		57354FE22A59B2D3001804D4 /* Debug */ = {
			isa = XCBuildConfiguration;
			buildSettings = {
				ALWAYS_SEARCH_USER_PATHS = NO;
				CLANG_ANALYZER_NONNULL = YES;
				CLANG_ANALYZER_NUMBER_OBJECT_CONVERSION = YES_AGGRESSIVE;
				CLANG_CXX_LANGUAGE_STANDARD = "gnu++20";
				CLANG_ENABLE_MODULES = YES;
				CLANG_ENABLE_OBJC_ARC = YES;
				CLANG_ENABLE_OBJC_WEAK = YES;
				CLANG_WARN_BLOCK_CAPTURE_AUTORELEASING = YES;
				CLANG_WARN_BOOL_CONVERSION = YES;
				CLANG_WARN_COMMA = YES;
				CLANG_WARN_CONSTANT_CONVERSION = YES;
				CLANG_WARN_DEPRECATED_OBJC_IMPLEMENTATIONS = YES;
				CLANG_WARN_DIRECT_OBJC_ISA_USAGE = YES_ERROR;
				CLANG_WARN_DOCUMENTATION_COMMENTS = YES;
				CLANG_WARN_EMPTY_BODY = YES;
				CLANG_WARN_ENUM_CONVERSION = YES;
				CLANG_WARN_INFINITE_RECURSION = YES;
				CLANG_WARN_INT_CONVERSION = YES;
				CLANG_WARN_NON_LITERAL_NULL_CONVERSION = YES;
				CLANG_WARN_OBJC_IMPLICIT_RETAIN_SELF = YES;
				CLANG_WARN_OBJC_LITERAL_CONVERSION = YES;
				CLANG_WARN_OBJC_ROOT_CLASS = YES_ERROR;
				CLANG_WARN_QUOTED_INCLUDE_IN_FRAMEWORK_HEADER = YES;
				CLANG_WARN_RANGE_LOOP_ANALYSIS = YES;
				CLANG_WARN_STRICT_PROTOTYPES = YES;
				CLANG_WARN_SUSPICIOUS_MOVE = YES;
				CLANG_WARN_UNGUARDED_AVAILABILITY = YES_AGGRESSIVE;
				CLANG_WARN_UNREACHABLE_CODE = YES;
				CLANG_WARN__DUPLICATE_METHOD_MATCH = YES;
				COPY_PHASE_STRIP = NO;
				DEBUG_INFORMATION_FORMAT = dwarf;
				ENABLE_STRICT_OBJC_MSGSEND = YES;
				ENABLE_TESTABILITY = YES;
				GCC_C_LANGUAGE_STANDARD = gnu11;
				GCC_DYNAMIC_NO_PIC = NO;
				GCC_NO_COMMON_BLOCKS = YES;
				GCC_OPTIMIZATION_LEVEL = 0;
				GCC_PREPROCESSOR_DEFINITIONS = (
					"DEBUG=1",
					"$(inherited)",
				);
				GCC_WARN_64_TO_32_BIT_CONVERSION = YES;
				GCC_WARN_ABOUT_RETURN_TYPE = YES_ERROR;
				GCC_WARN_UNDECLARED_SELECTOR = YES;
				GCC_WARN_UNINITIALIZED_AUTOS = YES_AGGRESSIVE;
				GCC_WARN_UNUSED_FUNCTION = YES;
				GCC_WARN_UNUSED_VARIABLE = YES;
				IPHONEOS_DEPLOYMENT_TARGET = 16.1;
				MTL_ENABLE_DEBUG_INFO = INCLUDE_SOURCE;
				MTL_FAST_MATH = YES;
				ONLY_ACTIVE_ARCH = YES;
				SDKROOT = iphoneos;
				SWIFT_ACTIVE_COMPILATION_CONDITIONS = DEBUG;
				SWIFT_OPTIMIZATION_LEVEL = "-Onone";
			};
			name = Debug;
		};
		57354FE32A59B2D3001804D4 /* Release */ = {
			isa = XCBuildConfiguration;
			buildSettings = {
				ALWAYS_SEARCH_USER_PATHS = NO;
				CLANG_ANALYZER_NONNULL = YES;
				CLANG_ANALYZER_NUMBER_OBJECT_CONVERSION = YES_AGGRESSIVE;
				CLANG_CXX_LANGUAGE_STANDARD = "gnu++20";
				CLANG_ENABLE_MODULES = YES;
				CLANG_ENABLE_OBJC_ARC = YES;
				CLANG_ENABLE_OBJC_WEAK = YES;
				CLANG_WARN_BLOCK_CAPTURE_AUTORELEASING = YES;
				CLANG_WARN_BOOL_CONVERSION = YES;
				CLANG_WARN_COMMA = YES;
				CLANG_WARN_CONSTANT_CONVERSION = YES;
				CLANG_WARN_DEPRECATED_OBJC_IMPLEMENTATIONS = YES;
				CLANG_WARN_DIRECT_OBJC_ISA_USAGE = YES_ERROR;
				CLANG_WARN_DOCUMENTATION_COMMENTS = YES;
				CLANG_WARN_EMPTY_BODY = YES;
				CLANG_WARN_ENUM_CONVERSION = YES;
				CLANG_WARN_INFINITE_RECURSION = YES;
				CLANG_WARN_INT_CONVERSION = YES;
				CLANG_WARN_NON_LITERAL_NULL_CONVERSION = YES;
				CLANG_WARN_OBJC_IMPLICIT_RETAIN_SELF = YES;
				CLANG_WARN_OBJC_LITERAL_CONVERSION = YES;
				CLANG_WARN_OBJC_ROOT_CLASS = YES_ERROR;
				CLANG_WARN_QUOTED_INCLUDE_IN_FRAMEWORK_HEADER = YES;
				CLANG_WARN_RANGE_LOOP_ANALYSIS = YES;
				CLANG_WARN_STRICT_PROTOTYPES = YES;
				CLANG_WARN_SUSPICIOUS_MOVE = YES;
				CLANG_WARN_UNGUARDED_AVAILABILITY = YES_AGGRESSIVE;
				CLANG_WARN_UNREACHABLE_CODE = YES;
				CLANG_WARN__DUPLICATE_METHOD_MATCH = YES;
				COPY_PHASE_STRIP = NO;
				DEBUG_INFORMATION_FORMAT = "dwarf-with-dsym";
				ENABLE_NS_ASSERTIONS = NO;
				ENABLE_STRICT_OBJC_MSGSEND = YES;
				GCC_C_LANGUAGE_STANDARD = gnu11;
				GCC_NO_COMMON_BLOCKS = YES;
				GCC_WARN_64_TO_32_BIT_CONVERSION = YES;
				GCC_WARN_ABOUT_RETURN_TYPE = YES_ERROR;
				GCC_WARN_UNDECLARED_SELECTOR = YES;
				GCC_WARN_UNINITIALIZED_AUTOS = YES_AGGRESSIVE;
				GCC_WARN_UNUSED_FUNCTION = YES;
				GCC_WARN_UNUSED_VARIABLE = YES;
				IPHONEOS_DEPLOYMENT_TARGET = 16.1;
				MTL_ENABLE_DEBUG_INFO = NO;
				MTL_FAST_MATH = YES;
				SDKROOT = iphoneos;
				SWIFT_COMPILATION_MODE = wholemodule;
				SWIFT_OPTIMIZATION_LEVEL = "-O";
				VALIDATE_PRODUCT = YES;
			};
			name = Release;
		};
		57354FE52A59B2D3001804D4 /* Debug */ = {
			isa = XCBuildConfiguration;
			buildSettings = {
				ASSETCATALOG_COMPILER_APPICON_NAME = AppIcon;
				ASSETCATALOG_COMPILER_GLOBAL_ACCENT_COLOR_NAME = AccentColor;
				CODE_SIGN_STYLE = Automatic;
				CURRENT_PROJECT_VERSION = 1;
				GENERATE_INFOPLIST_FILE = YES;
				INFOPLIST_FILE = NBAtask/Info.plist;
				INFOPLIST_KEY_UIApplicationSupportsIndirectInputEvents = YES;
				INFOPLIST_KEY_UILaunchStoryboardName = LaunchScreen;
				INFOPLIST_KEY_UISupportedInterfaceOrientations_iPad = "UIInterfaceOrientationPortrait UIInterfaceOrientationPortraitUpsideDown UIInterfaceOrientationLandscapeLeft UIInterfaceOrientationLandscapeRight";
				INFOPLIST_KEY_UISupportedInterfaceOrientations_iPhone = "UIInterfaceOrientationPortrait UIInterfaceOrientationLandscapeLeft UIInterfaceOrientationLandscapeRight";
				LD_RUNPATH_SEARCH_PATHS = (
					"$(inherited)",
					"@executable_path/Frameworks",
				);
				MARKETING_VERSION = 1.0;
				PRODUCT_BUNDLE_IDENTIFIER = Viktor.Krastev.NBAtask;
				PRODUCT_NAME = "$(TARGET_NAME)";
				SWIFT_EMIT_LOC_STRINGS = YES;
				SWIFT_VERSION = 5.0;
				TARGETED_DEVICE_FAMILY = "1,2";
			};
			name = Debug;
		};
		57354FE62A59B2D3001804D4 /* Release */ = {
			isa = XCBuildConfiguration;
			buildSettings = {
				ASSETCATALOG_COMPILER_APPICON_NAME = AppIcon;
				ASSETCATALOG_COMPILER_GLOBAL_ACCENT_COLOR_NAME = AccentColor;
				CODE_SIGN_STYLE = Automatic;
				CURRENT_PROJECT_VERSION = 1;
				GENERATE_INFOPLIST_FILE = YES;
				INFOPLIST_FILE = NBAtask/Info.plist;
				INFOPLIST_KEY_UIApplicationSupportsIndirectInputEvents = YES;
				INFOPLIST_KEY_UILaunchStoryboardName = LaunchScreen;
				INFOPLIST_KEY_UISupportedInterfaceOrientations_iPad = "UIInterfaceOrientationPortrait UIInterfaceOrientationPortraitUpsideDown UIInterfaceOrientationLandscapeLeft UIInterfaceOrientationLandscapeRight";
				INFOPLIST_KEY_UISupportedInterfaceOrientations_iPhone = "UIInterfaceOrientationPortrait UIInterfaceOrientationLandscapeLeft UIInterfaceOrientationLandscapeRight";
				LD_RUNPATH_SEARCH_PATHS = (
					"$(inherited)",
					"@executable_path/Frameworks",
				);
				MARKETING_VERSION = 1.0;
				PRODUCT_BUNDLE_IDENTIFIER = Viktor.Krastev.NBAtask;
				PRODUCT_NAME = "$(TARGET_NAME)";
				SWIFT_EMIT_LOC_STRINGS = YES;
				SWIFT_VERSION = 5.0;
				TARGETED_DEVICE_FAMILY = "1,2";
			};
			name = Release;
		};
/* End XCBuildConfiguration section */

/* Begin XCConfigurationList section */
		57354FCB2A59B2D2001804D4 /* Build configuration list for PBXProject "NBAtask" */ = {
			isa = XCConfigurationList;
			buildConfigurations = (
				57354FE22A59B2D3001804D4 /* Debug */,
				57354FE32A59B2D3001804D4 /* Release */,
			);
			defaultConfigurationIsVisible = 0;
			defaultConfigurationName = Release;
		};
		57354FE42A59B2D3001804D4 /* Build configuration list for PBXNativeTarget "NBAtask" */ = {
			isa = XCConfigurationList;
			buildConfigurations = (
				57354FE52A59B2D3001804D4 /* Debug */,
				57354FE62A59B2D3001804D4 /* Release */,
			);
			defaultConfigurationIsVisible = 0;
			defaultConfigurationName = Release;
		};
/* End XCConfigurationList section */
	};
	rootObject = 57354FC82A59B2D2001804D4 /* Project object */;
}
